
Microsoft Visual Studio Solution File, Format Version 12.00
# Visual Studio Version 16
VisualStudioVersion = 16.0.31829.152
MinimumVisualStudioVersion = 10.0.40219.1
Project("{FAE04EC0-301F-11D3-BF4B-00C04F79EFBC}") = "WindowsForms_Asynchronous_Lesson", "WindowsForms_Asynchronous_Lesson\WindowsForms_Asynchronous_Lesson.csproj", "{0E183299-02BC-446D-B63B-149AE2F54098}"
EndProject
Global
	GlobalSection(SolutionConfigurationPlatforms) = preSolution
		Debug|Any CPU = Debug|Any CPU
		Release|Any CPU = Release|Any CPU
	EndGlobalSection
	GlobalSection(ProjectConfigurationPlatforms) = postSolution
		{0E183299-02BC-446D-B63B-149AE2F54098}.Debug|Any CPU.ActiveCfg = Debug|Any CPU
		{0E183299-02BC-446D-B63B-149AE2F54098}.Debug|Any CPU.Build.0 = Debug|Any CPU
		{0E183299-02BC-446D-B63B-149AE2F54098}.Release|Any CPU.ActiveCfg = Release|Any CPU
		{0E183299-02BC-446D-B63B-149AE2F54098}.Release|Any CPU.Build.0 = Release|Any CPU
	EndGlobalSection
	GlobalSection(SolutionProperties) = preSolution
		HideSolutionNode = FALSE
	EndGlobalSection
	GlobalSection(ExtensibilityGlobals) = postSolution
		SolutionGuid = {7DF9C168-2D5F-4166-9759-E283CA5BF2D5}
	EndGlobalSection
EndGlobal
